{
  "name": "api",
  "version": "1.0.0",
  "lockfileVersion": 3,
  "requires": true,
  "packages": {
    "": {
      "name": "api",
      "version": "1.0.0",
      "license": "ISC",
      "dependencies": {
        "@tsndr/cloudflare-worker-jwt": "^2.2.1",
        "itty-router": "^3.0.12"
      },
      "devDependencies": {
        "@cloudflare/workers-types": "^4.20230419.0"
      }
    },
    "node_modules/@cloudflare/workers-types": {
      "version": "4.20230419.0",
      "resolved": "https://registry.npmjs.org/@cloudflare/workers-types/-/workers-types-4.20230419.0.tgz",
      "integrity": "sha512-MfNBlHrI/ekRkbLtdAo23D4hkXF+3QD92OCwuXxCUK73HtMHuBqkMp9T/8KFbKNRCnz7PzUderc7Jr5m3eeW3g==",
      "dev": true
    },
    "node_modules/@tsndr/cloudflare-worker-jwt": {
      "version": "2.2.1",
      "resolved": "https://registry.npmjs.org/@tsndr/cloudflare-worker-jwt/-/cloudflare-worker-jwt-2.2.1.tgz",
      "integrity": "sha512-yYxjmag5AXXs7FDCUlse8cCTQlug3fbrqUb4/s4kvdauOg5wq2V6BayHD/OUWOGmgohefFRqu4vA5phU3+Cyng=="
    },
    "node_modules/itty-router": {
      "version": "3.0.12",
      "resolved": "https://registry.npmjs.org/itty-router/-/itty-router-3.0.12.tgz",
      "integrity": "sha512-s98XTPhle6GGbaFf0kYrOD3Q8gyhnqvOqkwYijC3AmkceNKqWUp13YHg6dWmqmVv4pP7l7c94XI92I0EXVGO0w=="
    }
  }
}
